
Microsoft Visual Studio Solution File, Format Version 12.00
# Visual Studio Version 16
VisualStudioVersion = 16.0.32407.337
MinimumVisualStudioVersion = 10.0.40219.1
Project("{8BC9CEB8-8B4A-11D0-8D11-00A0C91BC942}") = "test_10.24", "test_10.24\test_10.24.vcxproj", "{ABA29E53-7294-49A4-AC06-677ECD032ED3}"
EndProject
Global
	GlobalSection(SolutionConfigurationPlatforms) = preSolution
		Debug|x64 = Debug|x64
		Debug|x86 = Debug|x86
		Release|x64 = Release|x64
		Release|x86 = Release|x86
	EndGlobalSection
	GlobalSection(ProjectConfigurationPlatforms) = postSolution
		{ABA29E53-7294-49A4-AC06-677ECD032ED3}.Debug|x64.ActiveCfg = Debug|x64
		{ABA29E53-7294-49A4-AC06-677ECD032ED3}.Debug|x64.Build.0 = Debug|x64
		{ABA29E53-7294-49A4-AC06-677ECD032ED3}.Debug|x86.ActiveCfg = Debug|Win32
		{ABA29E53-7294-49A4-AC06-677ECD032ED3}.Debug|x86.Build.0 = Debug|Win32
		{ABA29E53-7294-49A4-AC06-677ECD032ED3}.Release|x64.ActiveCfg = Release|x64
		{ABA29E53-7294-49A4-AC06-677ECD032ED3}.Release|x64.Build.0 = Release|x64
		{ABA29E53-7294-49A4-AC06-677ECD032ED3}.Release|x86.ActiveCfg = Release|Win32
		{ABA29E53-7294-49A4-AC06-677ECD032ED3}.Release|x86.Build.0 = Release|Win32
	EndGlobalSection
	GlobalSection(SolutionProperties) = preSolution
		HideSolutionNode = FALSE
	EndGlobalSection
	GlobalSection(ExtensibilityGlobals) = postSolution
		SolutionGuid = {49CF40CF-294F-4C3B-99F5-F1E4614F88E9}
	EndGlobalSection
EndGlobal
